
Microsoft Visual Studio Solution File, Format Version 12.00
# Visual Studio Version 16
VisualStudioVersion = 16.0.29503.13
MinimumVisualStudioVersion = 10.0.40219.1
Project("{9A19103F-16F7-4668-BE54-9A1E7A4F7556}") = "ASP_NET_Kurganskiy", "ASP_NET_Kurganskiy\ASP_NET_Kurganskiy.csproj", "{4CE1331D-3A90-474F-BB61-56F24DC2AD7C}"
EndProject
Project("{9A19103F-16F7-4668-BE54-9A1E7A4F7556}") = "ASP_NET_Kurganskiy.Domain", "ASP_NET_Kurganskiy.Domain\ASP_NET_Kurganskiy.Domain.csproj", "{0988A74E-55E7-443C-A732-2D2632593D89}"
EndProject
Project("{FAE04EC0-301F-11D3-BF4B-00C04F79EFBC}") = "ASP_NET.DAL", "ASP_NET.DAL\ASP_NET.DAL.csproj", "{C3780B64-919B-406F-92F1-DFA76188CD93}"
EndProject
Global
	GlobalSection(SolutionConfigurationPlatforms) = preSolution
		Debug|Any CPU = Debug|Any CPU
		Release|Any CPU = Release|Any CPU
	EndGlobalSection
	GlobalSection(ProjectConfigurationPlatforms) = postSolution
		{4CE1331D-3A90-474F-BB61-56F24DC2AD7C}.Debug|Any CPU.ActiveCfg = Debug|Any CPU
		{4CE1331D-3A90-474F-BB61-56F24DC2AD7C}.Debug|Any CPU.Build.0 = Debug|Any CPU
		{4CE1331D-3A90-474F-BB61-56F24DC2AD7C}.Release|Any CPU.ActiveCfg = Release|Any CPU
		{4CE1331D-3A90-474F-BB61-56F24DC2AD7C}.Release|Any CPU.Build.0 = Release|Any CPU
		{0988A74E-55E7-443C-A732-2D2632593D89}.Debug|Any CPU.ActiveCfg = Debug|Any CPU
		{0988A74E-55E7-443C-A732-2D2632593D89}.Debug|Any CPU.Build.0 = Debug|Any CPU
		{0988A74E-55E7-443C-A732-2D2632593D89}.Release|Any CPU.ActiveCfg = Release|Any CPU
		{0988A74E-55E7-443C-A732-2D2632593D89}.Release|Any CPU.Build.0 = Release|Any CPU
		{C3780B64-919B-406F-92F1-DFA76188CD93}.Debug|Any CPU.ActiveCfg = Debug|Any CPU
		{C3780B64-919B-406F-92F1-DFA76188CD93}.Debug|Any CPU.Build.0 = Debug|Any CPU
		{C3780B64-919B-406F-92F1-DFA76188CD93}.Release|Any CPU.ActiveCfg = Release|Any CPU
		{C3780B64-919B-406F-92F1-DFA76188CD93}.Release|Any CPU.Build.0 = Release|Any CPU
	EndGlobalSection
	GlobalSection(SolutionProperties) = preSolution
		HideSolutionNode = FALSE
	EndGlobalSection
	GlobalSection(ExtensibilityGlobals) = postSolution
		SolutionGuid = {DAFA60D5-09F9-46A8-ADBD-16DFF6BA3539}
	EndGlobalSection
EndGlobal
