
Microsoft Visual Studio Solution File, Format Version 12.00
# Visual Studio Version 16
VisualStudioVersion = 16.0.29503.13
MinimumVisualStudioVersion = 10.0.40219.1
Project("{FAE04EC0-301F-11D3-BF4B-00C04F79EFBC}") = "ASP_NET_Kurganskiy", "ASP_NET_Kurganskiy\ASP_NET_Kurganskiy.csproj", "{4CE1331D-3A90-474F-BB61-56F24DC2AD7C}"
EndProject
Global
	GlobalSection(SolutionConfigurationPlatforms) = preSolution
		Debug|Any CPU = Debug|Any CPU
		Release|Any CPU = Release|Any CPU
	EndGlobalSection
	GlobalSection(ProjectConfigurationPlatforms) = postSolution
		{4CE1331D-3A90-474F-BB61-56F24DC2AD7C}.Debug|Any CPU.ActiveCfg = Debug|Any CPU
		{4CE1331D-3A90-474F-BB61-56F24DC2AD7C}.Debug|Any CPU.Build.0 = Debug|Any CPU
		{4CE1331D-3A90-474F-BB61-56F24DC2AD7C}.Release|Any CPU.ActiveCfg = Release|Any CPU
		{4CE1331D-3A90-474F-BB61-56F24DC2AD7C}.Release|Any CPU.Build.0 = Release|Any CPU
	EndGlobalSection
	GlobalSection(SolutionProperties) = preSolution
		HideSolutionNode = FALSE
	EndGlobalSection
	GlobalSection(ExtensibilityGlobals) = postSolution
		SolutionGuid = {DAFA60D5-09F9-46A8-ADBD-16DFF6BA3539}
	EndGlobalSection
EndGlobal
